
Microsoft Visual Studio Solution File, Format Version 12.00
# Visual Studio Version 17
VisualStudioVersion = 17.14.37012.4
MinimumVisualStudioVersion = 10.0.40219.1
Project("{8BC9CEB8-8B4A-11D0-8D11-00A0C91BC942}") = "EthernetUpdateClass", "EthernetUpdateClass.vcxproj", "{690B17A4-B749-88EF-D9FD-763BE7083C32}"
EndProject
Global
	GlobalSection(SolutionConfigurationPlatforms) = preSolution
		Debug|ARM = Debug|ARM
		Debug|ARM64 = Debug|ARM64
		Release|ARM = Release|ARM
		Release|ARM64 = Release|ARM64
	EndGlobalSection
	GlobalSection(ProjectConfigurationPlatforms) = postSolution
		{690B17A4-B749-88EF-D9FD-763BE7083C32}.Debug|ARM.ActiveCfg = Debug|ARM
		{690B17A4-B749-88EF-D9FD-763BE7083C32}.Debug|ARM.Build.0 = Debug|ARM
		{690B17A4-B749-88EF-D9FD-763BE7083C32}.Debug|ARM.Deploy.0 = Debug|ARM
		{690B17A4-B749-88EF-D9FD-763BE7083C32}.Debug|ARM64.ActiveCfg = Debug|ARM64
		{690B17A4-B749-88EF-D9FD-763BE7083C32}.Debug|ARM64.Build.0 = Debug|ARM64
		{690B17A4-B749-88EF-D9FD-763BE7083C32}.Debug|ARM64.Deploy.0 = Debug|ARM64
		{690B17A4-B749-88EF-D9FD-763BE7083C32}.Release|ARM.ActiveCfg = Release|ARM
		{690B17A4-B749-88EF-D9FD-763BE7083C32}.Release|ARM.Build.0 = Release|ARM
		{690B17A4-B749-88EF-D9FD-763BE7083C32}.Release|ARM.Deploy.0 = Release|ARM
		{690B17A4-B749-88EF-D9FD-763BE7083C32}.Release|ARM64.ActiveCfg = Release|ARM64
		{690B17A4-B749-88EF-D9FD-763BE7083C32}.Release|ARM64.Build.0 = Release|ARM64
		{690B17A4-B749-88EF-D9FD-763BE7083C32}.Release|ARM64.Deploy.0 = Release|ARM64
	EndGlobalSection
	GlobalSection(SolutionProperties) = preSolution
		HideSolutionNode = FALSE
	EndGlobalSection
	GlobalSection(ExtensibilityGlobals) = postSolution
		SolutionGuid = {11D3A07D-813F-4A96-BC31-CC470E69D769}
	EndGlobalSection
EndGlobal
